// !$*UTF8*$!
{
	archiveVersion = 1;
	classes = {
	};
	objectVersion = 46;
	objects = {

/* Begin PBXBuildFile section */
		552F17E31C550EAB008B9940 /* SlackEventType.swift in Sources */ = {isa = PBXBuildFile; fileRef = 552F17E21C550EAB008B9940 /* SlackEventType.swift */; };
		552F17EA1C551F74008B9940 /* SlackKeys.swift in Sources */ = {isa = PBXBuildFile; fileRef = 552F17E91C551F74008B9940 /* SlackKeys.swift */; };
		552F17EE1C5526A5008B9940 /* BasicSlackEvent.swift in Sources */ = {isa = PBXBuildFile; fileRef = 552F17ED1C5526A5008B9940 /* BasicSlackEvent.swift */; };
		555E0E751C509CE300E6BB92 /* botkit.h in Headers */ = {isa = PBXBuildFile; fileRef = 555E0E741C509CE300E6BB92 /* botkit.h */; settings = {ATTRIBUTES = (Public, ); }; };
		555E0E7C1C509CE300E6BB92 /* botkit.framework in Frameworks */ = {isa = PBXBuildFile; fileRef = 555E0E711C509CE300E6BB92 /* botkit.framework */; };
		555E0E811C509CE300E6BB92 /* botkitTests.swift in Sources */ = {isa = PBXBuildFile; fileRef = 555E0E801C509CE300E6BB92 /* botkitTests.swift */; };
		555E0EA71C51E19600E6BB92 /* SocketRocket.framework in Frameworks */ = {isa = PBXBuildFile; fileRef = 555E0EA01C51E18E00E6BB92 /* SocketRocket.framework */; };
		555E0EA91C51E1A700E6BB92 /* SocketRocket.framework in Copy Frameworks */ = {isa = PBXBuildFile; fileRef = 555E0EA01C51E18E00E6BB92 /* SocketRocket.framework */; settings = {ATTRIBUTES = (CodeSignOnCopy, RemoveHeadersOnCopy, ); }; };
		555E0EBD1C530E0900E6BB92 /* WebSocket.swift in Sources */ = {isa = PBXBuildFile; fileRef = 555E0EBC1C530E0900E6BB92 /* WebSocket.swift */; };
		555E0EC21C531A8100E6BB92 /* Bot.swift in Sources */ = {isa = PBXBuildFile; fileRef = 555E0EC11C531A8100E6BB92 /* Bot.swift */; };
		555E0EC41C531D2E00E6BB92 /* SlackConnection.swift in Sources */ = {isa = PBXBuildFile; fileRef = 555E0EC31C531D2E00E6BB92 /* SlackConnection.swift */; };
		55C9620B1C542AAC00277A4A /* SlackConnectionState.swift in Sources */ = {isa = PBXBuildFile; fileRef = 55C9620A1C542AAC00277A4A /* SlackConnectionState.swift */; };
		55C9620D1C542ABC00277A4A /* WaitingState.swift in Sources */ = {isa = PBXBuildFile; fileRef = 55C9620C1C542ABC00277A4A /* WaitingState.swift */; };
		55C9620F1C542AD000277A4A /* RetrieveSocketURLState.swift in Sources */ = {isa = PBXBuildFile; fileRef = 55C9620E1C542AD000277A4A /* RetrieveSocketURLState.swift */; };
		55C962111C542AEA00277A4A /* WebSocketState.swift in Sources */ = {isa = PBXBuildFile; fileRef = 55C962101C542AEA00277A4A /* WebSocketState.swift */; };
		55C962131C5442E900277A4A /* SlackEvent.swift in Sources */ = {isa = PBXBuildFile; fileRef = 55C962121C5442E900277A4A /* SlackEvent.swift */; };
		55C9621C1C54755F00277A4A /* SlackConnectionConfiguration.swift in Sources */ = {isa = PBXBuildFile; fileRef = 55C9621B1C54755F00277A4A /* SlackConnectionConfiguration.swift */; };
/* End PBXBuildFile section */

/* Begin PBXContainerItemProxy section */
		555E0E7D1C509CE300E6BB92 /* PBXContainerItemProxy */ = {
			isa = PBXContainerItemProxy;
			containerPortal = 555E0E681C509CE300E6BB92 /* Project object */;
			proxyType = 1;
			remoteGlobalIDString = 555E0E701C509CE300E6BB92;
			remoteInfo = botkit;
		};
		555E0E9D1C51E18E00E6BB92 /* PBXContainerItemProxy */ = {
			isa = PBXContainerItemProxy;
			containerPortal = 555E0E951C51E18E00E6BB92 /* SocketRocket.xcodeproj */;
			proxyType = 2;
			remoteGlobalIDString = F6B2082D1450F597009315AF;
			remoteInfo = SocketRocket;
		};
		555E0E9F1C51E18E00E6BB92 /* PBXContainerItemProxy */ = {
			isa = PBXContainerItemProxy;
			containerPortal = 555E0E951C51E18E00E6BB92 /* SocketRocket.xcodeproj */;
			proxyType = 2;
			remoteGlobalIDString = F668C880153E91210044DBAC;
			remoteInfo = SocketRocketOSX;
		};
		555E0EA11C51E18E00E6BB92 /* PBXContainerItemProxy */ = {
			isa = PBXContainerItemProxy;
			containerPortal = 555E0E951C51E18E00E6BB92 /* SocketRocket.xcodeproj */;
			proxyType = 2;
			remoteGlobalIDString = 2D4227621BB4358C000C1A6C;
			remoteInfo = "SocketRocket-iOS";
		};
		555E0EA31C51E18E00E6BB92 /* PBXContainerItemProxy */ = {
			isa = PBXContainerItemProxy;
			containerPortal = 555E0E951C51E18E00E6BB92 /* SocketRocket.xcodeproj */;
			proxyType = 2;
			remoteGlobalIDString = F6BDA802145900D200FE3253;
			remoteInfo = SRWebSocketTests;
		};
		555E0EA51C51E18E00E6BB92 /* PBXContainerItemProxy */ = {
			isa = PBXContainerItemProxy;
			containerPortal = 555E0E951C51E18E00E6BB92 /* SocketRocket.xcodeproj */;
			proxyType = 2;
			remoteGlobalIDString = F62417E314D52F3C003CE997;
			remoteInfo = TestChat;
		};
/* End PBXContainerItemProxy section */

/* Begin PBXCopyFilesBuildPhase section */
		555E0E931C51E0D600E6BB92 /* Copy Frameworks */ = {
			isa = PBXCopyFilesBuildPhase;
			buildActionMask = 2147483647;
			dstPath = "";
			dstSubfolderSpec = 10;
			files = (
				555E0EA91C51E1A700E6BB92 /* SocketRocket.framework in Copy Frameworks */,
			);
			name = "Copy Frameworks";
			runOnlyForDeploymentPostprocessing = 0;
		};
/* End PBXCopyFilesBuildPhase section */

/* Begin PBXFileReference section */
		552F17E21C550EAB008B9940 /* SlackEventType.swift */ = {isa = PBXFileReference; fileEncoding = 4; lastKnownFileType = sourcecode.swift; path = SlackEventType.swift; sourceTree = "<group>"; };
		552F17E91C551F74008B9940 /* SlackKeys.swift */ = {isa = PBXFileReference; fileEncoding = 4; lastKnownFileType = sourcecode.swift; path = SlackKeys.swift; sourceTree = "<group>"; };
		552F17ED1C5526A5008B9940 /* BasicSlackEvent.swift */ = {isa = PBXFileReference; fileEncoding = 4; lastKnownFileType = sourcecode.swift; path = BasicSlackEvent.swift; sourceTree = "<group>"; };
		555E0E711C509CE300E6BB92 /* botkit.framework */ = {isa = PBXFileReference; explicitFileType = wrapper.framework; includeInIndex = 0; path = botkit.framework; sourceTree = BUILT_PRODUCTS_DIR; };
		555E0E741C509CE300E6BB92 /* botkit.h */ = {isa = PBXFileReference; lastKnownFileType = sourcecode.c.h; path = botkit.h; sourceTree = "<group>"; };
		555E0E761C509CE300E6BB92 /* Info.plist */ = {isa = PBXFileReference; lastKnownFileType = text.plist.xml; path = Info.plist; sourceTree = "<group>"; };
		555E0E7B1C509CE300E6BB92 /* botkitTests.xctest */ = {isa = PBXFileReference; explicitFileType = wrapper.cfbundle; includeInIndex = 0; path = botkitTests.xctest; sourceTree = BUILT_PRODUCTS_DIR; };
		555E0E801C509CE300E6BB92 /* botkitTests.swift */ = {isa = PBXFileReference; lastKnownFileType = sourcecode.swift; path = botkitTests.swift; sourceTree = "<group>"; };
		555E0E821C509CE300E6BB92 /* Info.plist */ = {isa = PBXFileReference; lastKnownFileType = text.plist.xml; path = Info.plist; sourceTree = "<group>"; };
		555E0E951C51E18E00E6BB92 /* SocketRocket.xcodeproj */ = {isa = PBXFileReference; lastKnownFileType = "wrapper.pb-project"; name = SocketRocket.xcodeproj; path = Submodules/SocketRocket/SocketRocket.xcodeproj; sourceTree = "<group>"; };
		555E0EBC1C530E0900E6BB92 /* WebSocket.swift */ = {isa = PBXFileReference; fileEncoding = 4; lastKnownFileType = sourcecode.swift; path = WebSocket.swift; sourceTree = "<group>"; };
		555E0EC11C531A8100E6BB92 /* Bot.swift */ = {isa = PBXFileReference; fileEncoding = 4; lastKnownFileType = sourcecode.swift; path = Bot.swift; sourceTree = "<group>"; };
		555E0EC31C531D2E00E6BB92 /* SlackConnection.swift */ = {isa = PBXFileReference; fileEncoding = 4; lastKnownFileType = sourcecode.swift; path = SlackConnection.swift; sourceTree = "<group>"; };
		55C9620A1C542AAC00277A4A /* SlackConnectionState.swift */ = {isa = PBXFileReference; fileEncoding = 4; lastKnownFileType = sourcecode.swift; path = SlackConnectionState.swift; sourceTree = "<group>"; };
		55C9620C1C542ABC00277A4A /* WaitingState.swift */ = {isa = PBXFileReference; fileEncoding = 4; lastKnownFileType = sourcecode.swift; path = WaitingState.swift; sourceTree = "<group>"; };
		55C9620E1C542AD000277A4A /* RetrieveSocketURLState.swift */ = {isa = PBXFileReference; fileEncoding = 4; lastKnownFileType = sourcecode.swift; path = RetrieveSocketURLState.swift; sourceTree = "<group>"; };
		55C962101C542AEA00277A4A /* WebSocketState.swift */ = {isa = PBXFileReference; fileEncoding = 4; lastKnownFileType = sourcecode.swift; path = WebSocketState.swift; sourceTree = "<group>"; };
		55C962121C5442E900277A4A /* SlackEvent.swift */ = {isa = PBXFileReference; fileEncoding = 4; lastKnownFileType = sourcecode.swift; path = SlackEvent.swift; sourceTree = "<group>"; };
		55C9621B1C54755F00277A4A /* SlackConnectionConfiguration.swift */ = {isa = PBXFileReference; fileEncoding = 4; lastKnownFileType = sourcecode.swift; path = SlackConnectionConfiguration.swift; sourceTree = "<group>"; };
/* End PBXFileReference section */

/* Begin PBXFrameworksBuildPhase section */
		555E0E6D1C509CE300E6BB92 /* Frameworks */ = {
			isa = PBXFrameworksBuildPhase;
			buildActionMask = 2147483647;
			files = (
				555E0EA71C51E19600E6BB92 /* SocketRocket.framework in Frameworks */,
			);
			runOnlyForDeploymentPostprocessing = 0;
		};
		555E0E781C509CE300E6BB92 /* Frameworks */ = {
			isa = PBXFrameworksBuildPhase;
			buildActionMask = 2147483647;
			files = (
				555E0E7C1C509CE300E6BB92 /* botkit.framework in Frameworks */,
			);
			runOnlyForDeploymentPostprocessing = 0;
		};
/* End PBXFrameworksBuildPhase section */

/* Begin PBXGroup section */
		555E0E671C509CE300E6BB92 = {
			isa = PBXGroup;
			children = (
				555E0E951C51E18E00E6BB92 /* SocketRocket.xcodeproj */,
				555E0E731C509CE300E6BB92 /* botkit */,
				555E0E7F1C509CE300E6BB92 /* botkitTests */,
				555E0E721C509CE300E6BB92 /* Products */,
			);
			sourceTree = "<group>";
		};
		555E0E721C509CE300E6BB92 /* Products */ = {
			isa = PBXGroup;
			children = (
				555E0E711C509CE300E6BB92 /* botkit.framework */,
				555E0E7B1C509CE300E6BB92 /* botkitTests.xctest */,
			);
			name = Products;
			sourceTree = "<group>";
		};
		555E0E731C509CE300E6BB92 /* botkit */ = {
			isa = PBXGroup;
			children = (
				555E0E741C509CE300E6BB92 /* botkit.h */,
				555E0EC11C531A8100E6BB92 /* Bot.swift */,
				55C962041C542A9F00277A4A /* Slack Connection */,
				55C962141C5442F200277A4A /* Slack Events */,
				555E0E761C509CE300E6BB92 /* Info.plist */,
			);
			path = botkit;
			sourceTree = "<group>";
		};
		555E0E7F1C509CE300E6BB92 /* botkitTests */ = {
			isa = PBXGroup;
			children = (
				555E0E801C509CE300E6BB92 /* botkitTests.swift */,
				555E0E821C509CE300E6BB92 /* Info.plist */,
			);
			path = botkitTests;
			sourceTree = "<group>";
		};
		555E0E961C51E18E00E6BB92 /* Products */ = {
			isa = PBXGroup;
			children = (
				555E0E9E1C51E18E00E6BB92 /* libSocketRocket.a */,
				555E0EA01C51E18E00E6BB92 /* SocketRocket.framework */,
				555E0EA21C51E18E00E6BB92 /* SocketRocket.framework */,
				555E0EA41C51E18E00E6BB92 /* SRWebSocketTests.xctest */,
				555E0EA61C51E18E00E6BB92 /* TestChat.app */,
			);
			name = Products;
			sourceTree = "<group>";
		};
		55C962041C542A9F00277A4A /* Slack Connection */ = {
			isa = PBXGroup;
			children = (
				555E0EC31C531D2E00E6BB92 /* SlackConnection.swift */,
				55C9621B1C54755F00277A4A /* SlackConnectionConfiguration.swift */,
				55C9620A1C542AAC00277A4A /* SlackConnectionState.swift */,
				55C9620C1C542ABC00277A4A /* WaitingState.swift */,
				55C9620E1C542AD000277A4A /* RetrieveSocketURLState.swift */,
				55C962101C542AEA00277A4A /* WebSocketState.swift */,
				555E0EBC1C530E0900E6BB92 /* WebSocket.swift */,
			);
			name = "Slack Connection";
			sourceTree = "<group>";
		};
		55C962141C5442F200277A4A /* Slack Events */ = {
			isa = PBXGroup;
			children = (
				55C962121C5442E900277A4A /* SlackEvent.swift */,
				552F17ED1C5526A5008B9940 /* BasicSlackEvent.swift */,
				552F17E21C550EAB008B9940 /* SlackEventType.swift */,
				552F17E91C551F74008B9940 /* SlackKeys.swift */,
			);
			name = "Slack Events";
			sourceTree = "<group>";
		};
/* End PBXGroup section */

/* Begin PBXHeadersBuildPhase section */
		555E0E6E1C509CE300E6BB92 /* Headers */ = {
			isa = PBXHeadersBuildPhase;
			buildActionMask = 2147483647;
			files = (
				555E0E751C509CE300E6BB92 /* botkit.h in Headers */,
			);
			runOnlyForDeploymentPostprocessing = 0;
		};
/* End PBXHeadersBuildPhase section */

/* Begin PBXNativeTarget section */
		555E0E701C509CE300E6BB92 /* botkit */ = {
			isa = PBXNativeTarget;
			buildConfigurationList = 555E0E851C509CE300E6BB92 /* Build configuration list for PBXNativeTarget "botkit" */;
			buildPhases = (
				555E0E6C1C509CE300E6BB92 /* Sources */,
				555E0E6D1C509CE300E6BB92 /* Frameworks */,
				555E0E6E1C509CE300E6BB92 /* Headers */,
				555E0E6F1C509CE300E6BB92 /* Resources */,
				555E0E931C51E0D600E6BB92 /* Copy Frameworks */,
			);
			buildRules = (
			);
			dependencies = (
			);
			name = botkit;
			productName = botkit;
			productReference = 555E0E711C509CE300E6BB92 /* botkit.framework */;
			productType = "com.apple.product-type.framework";
		};
		555E0E7A1C509CE300E6BB92 /* botkitTests */ = {
			isa = PBXNativeTarget;
			buildConfigurationList = 555E0E881C509CE300E6BB92 /* Build configuration list for PBXNativeTarget "botkitTests" */;
			buildPhases = (
				555E0E771C509CE300E6BB92 /* Sources */,
				555E0E781C509CE300E6BB92 /* Frameworks */,
				555E0E791C509CE300E6BB92 /* Resources */,
			);
			buildRules = (
			);
			dependencies = (
				555E0E7E1C509CE300E6BB92 /* PBXTargetDependency */,
			);
			name = botkitTests;
			productName = botkitTests;
			productReference = 555E0E7B1C509CE300E6BB92 /* botkitTests.xctest */;
			productType = "com.apple.product-type.bundle.unit-test";
		};
/* End PBXNativeTarget section */

/* Begin PBXProject section */
		555E0E681C509CE300E6BB92 /* Project object */ = {
			isa = PBXProject;
			attributes = {
				LastSwiftUpdateCheck = 0720;
				LastUpgradeCheck = 0720;
				ORGANIZATIONNAME = "Utah iOS & Mac Developers";
				TargetAttributes = {
					555E0E701C509CE300E6BB92 = {
						CreatedOnToolsVersion = 7.2;
					};
					555E0E7A1C509CE300E6BB92 = {
						CreatedOnToolsVersion = 7.2;
					};
				};
			};
			buildConfigurationList = 555E0E6B1C509CE300E6BB92 /* Build configuration list for PBXProject "botkit" */;
			compatibilityVersion = "Xcode 3.2";
			developmentRegion = English;
			hasScannedForEncodings = 0;
			knownRegions = (
				en,
			);
			mainGroup = 555E0E671C509CE300E6BB92;
			productRefGroup = 555E0E721C509CE300E6BB92 /* Products */;
			projectDirPath = "";
			projectReferences = (
				{
					ProductGroup = 555E0E961C51E18E00E6BB92 /* Products */;
					ProjectRef = 555E0E951C51E18E00E6BB92 /* SocketRocket.xcodeproj */;
				},
			);
			projectRoot = "";
			targets = (
				555E0E701C509CE300E6BB92 /* botkit */,
				555E0E7A1C509CE300E6BB92 /* botkitTests */,
			);
		};
/* End PBXProject section */

/* Begin PBXReferenceProxy section */
		555E0E9E1C51E18E00E6BB92 /* libSocketRocket.a */ = {
			isa = PBXReferenceProxy;
			fileType = archive.ar;
			path = libSocketRocket.a;
			remoteRef = 555E0E9D1C51E18E00E6BB92 /* PBXContainerItemProxy */;
			sourceTree = BUILT_PRODUCTS_DIR;
		};
		555E0EA01C51E18E00E6BB92 /* SocketRocket.framework */ = {
			isa = PBXReferenceProxy;
			fileType = wrapper.framework;
			path = SocketRocket.framework;
			remoteRef = 555E0E9F1C51E18E00E6BB92 /* PBXContainerItemProxy */;
			sourceTree = BUILT_PRODUCTS_DIR;
		};
		555E0EA21C51E18E00E6BB92 /* SocketRocket.framework */ = {
			isa = PBXReferenceProxy;
			fileType = wrapper.framework;
			path = SocketRocket.framework;
			remoteRef = 555E0EA11C51E18E00E6BB92 /* PBXContainerItemProxy */;
			sourceTree = BUILT_PRODUCTS_DIR;
		};
		555E0EA41C51E18E00E6BB92 /* SRWebSocketTests.xctest */ = {
			isa = PBXReferenceProxy;
			fileType = wrapper.cfbundle;
			path = SRWebSocketTests.xctest;
			remoteRef = 555E0EA31C51E18E00E6BB92 /* PBXContainerItemProxy */;
			sourceTree = BUILT_PRODUCTS_DIR;
		};
		555E0EA61C51E18E00E6BB92 /* TestChat.app */ = {
			isa = PBXReferenceProxy;
			fileType = wrapper.application;
			path = TestChat.app;
			remoteRef = 555E0EA51C51E18E00E6BB92 /* PBXContainerItemProxy */;
			sourceTree = BUILT_PRODUCTS_DIR;
		};
/* End PBXReferenceProxy section */

/* Begin PBXResourcesBuildPhase section */
		555E0E6F1C509CE300E6BB92 /* Resources */ = {
			isa = PBXResourcesBuildPhase;
			buildActionMask = 2147483647;
			files = (
			);
			runOnlyForDeploymentPostprocessing = 0;
		};
		555E0E791C509CE300E6BB92 /* Resources */ = {
			isa = PBXResourcesBuildPhase;
			buildActionMask = 2147483647;
			files = (
			);
			runOnlyForDeploymentPostprocessing = 0;
		};
/* End PBXResourcesBuildPhase section */

/* Begin PBXSourcesBuildPhase section */
		555E0E6C1C509CE300E6BB92 /* Sources */ = {
			isa = PBXSourcesBuildPhase;
			buildActionMask = 2147483647;
			files = (
				552F17EE1C5526A5008B9940 /* BasicSlackEvent.swift in Sources */,
				555E0EC21C531A8100E6BB92 /* Bot.swift in Sources */,
				552F17E31C550EAB008B9940 /* SlackEventType.swift in Sources */,
				555E0EBD1C530E0900E6BB92 /* WebSocket.swift in Sources */,
				555E0EC41C531D2E00E6BB92 /* SlackConnection.swift in Sources */,
				55C9620F1C542AD000277A4A /* RetrieveSocketURLState.swift in Sources */,
				55C9620B1C542AAC00277A4A /* SlackConnectionState.swift in Sources */,
				55C9620D1C542ABC00277A4A /* WaitingState.swift in Sources */,
				55C962131C5442E900277A4A /* SlackEvent.swift in Sources */,
				552F17EA1C551F74008B9940 /* SlackKeys.swift in Sources */,
				55C962111C542AEA00277A4A /* WebSocketState.swift in Sources */,
				55C9621C1C54755F00277A4A /* SlackConnectionConfiguration.swift in Sources */,
			);
			runOnlyForDeploymentPostprocessing = 0;
		};
		555E0E771C509CE300E6BB92 /* Sources */ = {
			isa = PBXSourcesBuildPhase;
			buildActionMask = 2147483647;
			files = (
				555E0E811C509CE300E6BB92 /* botkitTests.swift in Sources */,
			);
			runOnlyForDeploymentPostprocessing = 0;
		};
/* End PBXSourcesBuildPhase section */

/* Begin PBXTargetDependency section */
		555E0E7E1C509CE300E6BB92 /* PBXTargetDependency */ = {
			isa = PBXTargetDependency;
			target = 555E0E701C509CE300E6BB92 /* botkit */;
			targetProxy = 555E0E7D1C509CE300E6BB92 /* PBXContainerItemProxy */;
		};
/* End PBXTargetDependency section */

/* Begin XCBuildConfiguration section */
		555E0E831C509CE300E6BB92 /* Debug */ = {
			isa = XCBuildConfiguration;
			buildSettings = {
				ALWAYS_SEARCH_USER_PATHS = NO;
				CLANG_CXX_LANGUAGE_STANDARD = "gnu++0x";
				CLANG_CXX_LIBRARY = "libc++";
				CLANG_ENABLE_MODULES = YES;
				CLANG_ENABLE_OBJC_ARC = YES;
				CLANG_WARN_BOOL_CONVERSION = YES;
				CLANG_WARN_CONSTANT_CONVERSION = YES;
				CLANG_WARN_DIRECT_OBJC_ISA_USAGE = YES_ERROR;
				CLANG_WARN_EMPTY_BODY = YES;
				CLANG_WARN_ENUM_CONVERSION = YES;
				CLANG_WARN_INT_CONVERSION = YES;
				CLANG_WARN_OBJC_ROOT_CLASS = YES_ERROR;
				CLANG_WARN_UNREACHABLE_CODE = YES;
				CLANG_WARN__DUPLICATE_METHOD_MATCH = YES;
				CODE_SIGN_IDENTITY = "-";
				COPY_PHASE_STRIP = NO;
				CURRENT_PROJECT_VERSION = 1;
				DEBUG_INFORMATION_FORMAT = dwarf;
				ENABLE_STRICT_OBJC_MSGSEND = YES;
				ENABLE_TESTABILITY = YES;
				GCC_C_LANGUAGE_STANDARD = gnu99;
				GCC_DYNAMIC_NO_PIC = NO;
				GCC_NO_COMMON_BLOCKS = YES;
				GCC_OPTIMIZATION_LEVEL = 0;
				GCC_PREPROCESSOR_DEFINITIONS = (
					"DEBUG=1",
					"$(inherited)",
				);
				GCC_WARN_64_TO_32_BIT_CONVERSION = YES;
				GCC_WARN_ABOUT_RETURN_TYPE = YES_ERROR;
				GCC_WARN_UNDECLARED_SELECTOR = YES;
				GCC_WARN_UNINITIALIZED_AUTOS = YES_AGGRESSIVE;
				GCC_WARN_UNUSED_FUNCTION = YES;
				GCC_WARN_UNUSED_VARIABLE = YES;
				MACOSX_DEPLOYMENT_TARGET = 10.11;
				MTL_ENABLE_DEBUG_INFO = YES;
				ONLY_ACTIVE_ARCH = YES;
				SDKROOT = macosx;
				SWIFT_OPTIMIZATION_LEVEL = "-Onone";
				VERSIONING_SYSTEM = "apple-generic";
				VERSION_INFO_PREFIX = "";
			};
			name = Debug;
		};
		555E0E841C509CE300E6BB92 /* Release */ = {
			isa = XCBuildConfiguration;
			buildSettings = {
				ALWAYS_SEARCH_USER_PATHS = NO;
				CLANG_CXX_LANGUAGE_STANDARD = "gnu++0x";
				CLANG_CXX_LIBRARY = "libc++";
				CLANG_ENABLE_MODULES = YES;
				CLANG_ENABLE_OBJC_ARC = YES;
				CLANG_WARN_BOOL_CONVERSION = YES;
				CLANG_WARN_CONSTANT_CONVERSION = YES;
				CLANG_WARN_DIRECT_OBJC_ISA_USAGE = YES_ERROR;
				CLANG_WARN_EMPTY_BODY = YES;
				CLANG_WARN_ENUM_CONVERSION = YES;
				CLANG_WARN_INT_CONVERSION = YES;
				CLANG_WARN_OBJC_ROOT_CLASS = YES_ERROR;
				CLANG_WARN_UNREACHABLE_CODE = YES;
				CLANG_WARN__DUPLICATE_METHOD_MATCH = YES;
				CODE_SIGN_IDENTITY = "-";
				COPY_PHASE_STRIP = NO;
				CURRENT_PROJECT_VERSION = 1;
				DEBUG_INFORMATION_FORMAT = "dwarf-with-dsym";
				ENABLE_NS_ASSERTIONS = NO;
				ENABLE_STRICT_OBJC_MSGSEND = YES;
				GCC_C_LANGUAGE_STANDARD = gnu99;
				GCC_NO_COMMON_BLOCKS = YES;
				GCC_WARN_64_TO_32_BIT_CONVERSION = YES;
				GCC_WARN_ABOUT_RETURN_TYPE = YES_ERROR;
				GCC_WARN_UNDECLARED_SELECTOR = YES;
				GCC_WARN_UNINITIALIZED_AUTOS = YES_AGGRESSIVE;
				GCC_WARN_UNUSED_FUNCTION = YES;
				GCC_WARN_UNUSED_VARIABLE = YES;
				MACOSX_DEPLOYMENT_TARGET = 10.11;
				MTL_ENABLE_DEBUG_INFO = NO;
				SDKROOT = macosx;
				VERSIONING_SYSTEM = "apple-generic";
				VERSION_INFO_PREFIX = "";
			};
			name = Release;
		};
		555E0E861C509CE300E6BB92 /* Debug */ = {
			isa = XCBuildConfiguration;
			buildSettings = {
				CLANG_ENABLE_MODULES = YES;
				COMBINE_HIDPI_IMAGES = YES;
				DEFINES_MODULE = YES;
				DYLIB_COMPATIBILITY_VERSION = 1;
				DYLIB_CURRENT_VERSION = 1;
				DYLIB_INSTALL_NAME_BASE = "@rpath";
				FRAMEWORK_VERSION = A;
				INFOPLIST_FILE = botkit/Info.plist;
				INSTALL_PATH = "$(LOCAL_LIBRARY_DIR)/Frameworks";
				LD_RUNPATH_SEARCH_PATHS = "$(inherited) @executable_path/../Frameworks @loader_path/Frameworks";
				PRODUCT_BUNDLE_IDENTIFIER = org.utahiosmac.botkit;
				PRODUCT_NAME = "$(TARGET_NAME)";
				SKIP_INSTALL = YES;
				SWIFT_OPTIMIZATION_LEVEL = "-Onone";
			};
			name = Debug;
		};
		555E0E871C509CE300E6BB92 /* Release */ = {
			isa = XCBuildConfiguration;
			buildSettings = {
				CLANG_ENABLE_MODULES = YES;
				COMBINE_HIDPI_IMAGES = YES;
				DEFINES_MODULE = YES;
				DYLIB_COMPATIBILITY_VERSION = 1;
				DYLIB_CURRENT_VERSION = 1;
				DYLIB_INSTALL_NAME_BASE = "@rpath";
				FRAMEWORK_VERSION = A;
				INFOPLIST_FILE = botkit/Info.plist;
				INSTALL_PATH = "$(LOCAL_LIBRARY_DIR)/Frameworks";
				LD_RUNPATH_SEARCH_PATHS = "$(inherited) @executable_path/../Frameworks @loader_path/Frameworks";
				PRODUCT_BUNDLE_IDENTIFIER = org.utahiosmac.botkit;
				PRODUCT_NAME = "$(TARGET_NAME)";
				SKIP_INSTALL = YES;
			};
			name = Release;
		};
		555E0E891C509CE300E6BB92 /* Debug */ = {
			isa = XCBuildConfiguration;
			buildSettings = {
				COMBINE_HIDPI_IMAGES = YES;
				INFOPLIST_FILE = botkitTests/Info.plist;
				LD_RUNPATH_SEARCH_PATHS = "$(inherited) @executable_path/../Frameworks @loader_path/../Frameworks";
				PRODUCT_BUNDLE_IDENTIFIER = org.utahiosmac.botkitTests;
				PRODUCT_NAME = "$(TARGET_NAME)";
			};
			name = Debug;
		};
		555E0E8A1C509CE300E6BB92 /* Release */ = {
			isa = XCBuildConfiguration;
			buildSettings = {
				COMBINE_HIDPI_IMAGES = YES;
				INFOPLIST_FILE = botkitTests/Info.plist;
				LD_RUNPATH_SEARCH_PATHS = "$(inherited) @executable_path/../Frameworks @loader_path/../Frameworks";
				PRODUCT_BUNDLE_IDENTIFIER = org.utahiosmac.botkitTests;
				PRODUCT_NAME = "$(TARGET_NAME)";
			};
			name = Release;
		};
/* End XCBuildConfiguration section */

/* Begin XCConfigurationList section */
		555E0E6B1C509CE300E6BB92 /* Build configuration list for PBXProject "botkit" */ = {
			isa = XCConfigurationList;
			buildConfigurations = (
				555E0E831C509CE300E6BB92 /* Debug */,
				555E0E841C509CE300E6BB92 /* Release */,
			);
			defaultConfigurationIsVisible = 0;
			defaultConfigurationName = Release;
		};
		555E0E851C509CE300E6BB92 /* Build configuration list for PBXNativeTarget "botkit" */ = {
			isa = XCConfigurationList;
			buildConfigurations = (
				555E0E861C509CE300E6BB92 /* Debug */,
				555E0E871C509CE300E6BB92 /* Release */,
			);
			defaultConfigurationIsVisible = 0;
			defaultConfigurationName = Release;
		};
		555E0E881C509CE300E6BB92 /* Build configuration list for PBXNativeTarget "botkitTests" */ = {
			isa = XCConfigurationList;
			buildConfigurations = (
				555E0E891C509CE300E6BB92 /* Debug */,
				555E0E8A1C509CE300E6BB92 /* Release */,
			);
			defaultConfigurationIsVisible = 0;
			defaultConfigurationName = Release;
		};
/* End XCConfigurationList section */
	};
	rootObject = 555E0E681C509CE300E6BB92 /* Project object */;
}
